# This file is automatically @generated by Cargo.
# It is not intended for manual editing.
version = 4

[[package]]
name = "any_vec"
version = "0.15.0"
source = "registry+https://github.com/rust-lang/crates.io-index"
checksum = "5d38a7a952d7eda94a2a9fa86603be7da3ecb2b5cc0b8341b8131edbf6e32201"

[[package]]
name = "arena"
version = "0.1.0"

[[package]]
name = "engine-playground"
version = "0.1.0"
dependencies = [
 "any_vec",
 "arena",
 "smallbitvec",
]

[[package]]
name = "smallbitvec"
version = "2.6.0"
source = "registry+https://github.com/rust-lang/crates.io-index"
checksum = "d31d263dd118560e1a492922182ab6ca6dc1d03a3bf54e7699993f31a4150e3f"
